// !$*UTF8*$!
{
	archiveVersion = 1;
	classes = {
	};
	objectVersion = 55;
	objects = {

/* Begin PBXBuildFile section */
		793A5D8D2A95FD4A008AFD25 /* WLANViewController+Row.swift in Sources */ = {isa = PBXBuildFile; fileRef = 793A5D8C2A95FD4A008AFD25 /* WLANViewController+Row.swift */; };
		793A5D8F2A9617CB008AFD25 /* WLANListViewController+DataSource.swift in Sources */ = {isa = PBXBuildFile; fileRef = 793A5D8E2A9617CB008AFD25 /* WLANListViewController+DataSource.swift */; };
		793A5D912A964177008AFD25 /* AP.swift in Sources */ = {isa = PBXBuildFile; fileRef = 793A5D902A964177008AFD25 /* AP.swift */; };
		793A5D932A9643A9008AFD25 /* APViewController+Row.swift in Sources */ = {isa = PBXBuildFile; fileRef = 793A5D922A9643A9008AFD25 /* APViewController+Row.swift */; };
		793A5D952A9644C5008AFD25 /* APListViewController+DataSource.swift in Sources */ = {isa = PBXBuildFile; fileRef = 793A5D942A9644C4008AFD25 /* APListViewController+DataSource.swift */; };
		793A5D972A9649ED008AFD25 /* ClientListViewController+DataSource.swift in Sources */ = {isa = PBXBuildFile; fileRef = 793A5D962A9649ED008AFD25 /* ClientListViewController+DataSource.swift */; };
		793A5D992A964A12008AFD25 /* CLIENT.swift in Sources */ = {isa = PBXBuildFile; fileRef = 793A5D982A964A12008AFD25 /* CLIENT.swift */; };
		793A5D9B2A964CFA008AFD25 /* ClientViewController+Row.swift in Sources */ = {isa = PBXBuildFile; fileRef = 793A5D9A2A964CFA008AFD25 /* ClientViewController+Row.swift */; };
		7973E5E12A8C9A7C00233D18 /* WLANListViewController.swift in Sources */ = {isa = PBXBuildFile; fileRef = 7973E5E02A8C9A7C00233D18 /* WLANListViewController.swift */; };
		7973E5E32A8CABDF00233D18 /* APListViewController.swift in Sources */ = {isa = PBXBuildFile; fileRef = 7973E5E22A8CABDF00233D18 /* APListViewController.swift */; };
		7973E5E52A8CABF600233D18 /* APViewController.swift in Sources */ = {isa = PBXBuildFile; fileRef = 7973E5E42A8CABF600233D18 /* APViewController.swift */; };
		7973E5E72A8CAC0300233D18 /* WLANViewController.swift in Sources */ = {isa = PBXBuildFile; fileRef = 7973E5E62A8CAC0300233D18 /* WLANViewController.swift */; };
		7973E5E92A8CAC1000233D18 /* ClientViewController.swift in Sources */ = {isa = PBXBuildFile; fileRef = 7973E5E82A8CAC1000233D18 /* ClientViewController.swift */; };
		7973E5EB2A8CAC1E00233D18 /* ClientListViewController.swift in Sources */ = {isa = PBXBuildFile; fileRef = 7973E5EA2A8CAC1E00233D18 /* ClientListViewController.swift */; };
		7973E5ED2A8CE24000233D18 /* MenuViewController.swift in Sources */ = {isa = PBXBuildFile; fileRef = 7973E5EC2A8CE24000233D18 /* MenuViewController.swift */; };
		7973E5F02A8D04A700233D18 /* WLAN.swift in Sources */ = {isa = PBXBuildFile; fileRef = 7973E5EF2A8D04A700233D18 /* WLAN.swift */; };
		7984DB192A242F43004D2EA4 /* AppDelegate.swift in Sources */ = {isa = PBXBuildFile; fileRef = 7984DB182A242F43004D2EA4 /* AppDelegate.swift */; };
		7984DB1B2A242F43004D2EA4 /* SceneDelegate.swift in Sources */ = {isa = PBXBuildFile; fileRef = 7984DB1A2A242F43004D2EA4 /* SceneDelegate.swift */; };
		7984DB1D2A242F43004D2EA4 /* LoginViewController.swift in Sources */ = {isa = PBXBuildFile; fileRef = 7984DB1C2A242F43004D2EA4 /* LoginViewController.swift */; };
		7984DB202A242F43004D2EA4 /* Main.storyboard in Resources */ = {isa = PBXBuildFile; fileRef = 7984DB1E2A242F43004D2EA4 /* Main.storyboard */; };
		7984DB222A242F44004D2EA4 /* Assets.xcassets in Resources */ = {isa = PBXBuildFile; fileRef = 7984DB212A242F44004D2EA4 /* Assets.xcassets */; };
		7984DB252A242F44004D2EA4 /* LaunchScreen.storyboard in Resources */ = {isa = PBXBuildFile; fileRef = 7984DB232A242F44004D2EA4 /* LaunchScreen.storyboard */; };
/* End PBXBuildFile section */

/* Begin PBXFileReference section */
		793A5D8C2A95FD4A008AFD25 /* WLANViewController+Row.swift */ = {isa = PBXFileReference; lastKnownFileType = sourcecode.swift; path = "WLANViewController+Row.swift"; sourceTree = "<group>"; };
		793A5D8E2A9617CB008AFD25 /* WLANListViewController+DataSource.swift */ = {isa = PBXFileReference; lastKnownFileType = sourcecode.swift; path = "WLANListViewController+DataSource.swift"; sourceTree = "<group>"; };
		793A5D902A964177008AFD25 /* AP.swift */ = {isa = PBXFileReference; lastKnownFileType = sourcecode.swift; path = AP.swift; sourceTree = "<group>"; };
		793A5D922A9643A9008AFD25 /* APViewController+Row.swift */ = {isa = PBXFileReference; lastKnownFileType = sourcecode.swift; path = "APViewController+Row.swift"; sourceTree = "<group>"; };
		793A5D942A9644C4008AFD25 /* APListViewController+DataSource.swift */ = {isa = PBXFileReference; lastKnownFileType = sourcecode.swift; path = "APListViewController+DataSource.swift"; sourceTree = "<group>"; };
		793A5D962A9649ED008AFD25 /* ClientListViewController+DataSource.swift */ = {isa = PBXFileReference; lastKnownFileType = sourcecode.swift; path = "ClientListViewController+DataSource.swift"; sourceTree = "<group>"; };
		793A5D982A964A12008AFD25 /* CLIENT.swift */ = {isa = PBXFileReference; lastKnownFileType = sourcecode.swift; path = CLIENT.swift; sourceTree = "<group>"; };
		793A5D9A2A964CFA008AFD25 /* ClientViewController+Row.swift */ = {isa = PBXFileReference; lastKnownFileType = sourcecode.swift; path = "ClientViewController+Row.swift"; sourceTree = "<group>"; };
		7973E5E02A8C9A7C00233D18 /* WLANListViewController.swift */ = {isa = PBXFileReference; lastKnownFileType = sourcecode.swift; path = WLANListViewController.swift; sourceTree = "<group>"; };
		7973E5E22A8CABDF00233D18 /* APListViewController.swift */ = {isa = PBXFileReference; lastKnownFileType = sourcecode.swift; path = APListViewController.swift; sourceTree = "<group>"; };
		7973E5E42A8CABF600233D18 /* APViewController.swift */ = {isa = PBXFileReference; lastKnownFileType = sourcecode.swift; path = APViewController.swift; sourceTree = "<group>"; };
		7973E5E62A8CAC0300233D18 /* WLANViewController.swift */ = {isa = PBXFileReference; lastKnownFileType = sourcecode.swift; path = WLANViewController.swift; sourceTree = "<group>"; };
		7973E5E82A8CAC1000233D18 /* ClientViewController.swift */ = {isa = PBXFileReference; lastKnownFileType = sourcecode.swift; path = ClientViewController.swift; sourceTree = "<group>"; };
		7973E5EA2A8CAC1E00233D18 /* ClientListViewController.swift */ = {isa = PBXFileReference; lastKnownFileType = sourcecode.swift; path = ClientListViewController.swift; sourceTree = "<group>"; };
		7973E5EC2A8CE24000233D18 /* MenuViewController.swift */ = {isa = PBXFileReference; lastKnownFileType = sourcecode.swift; path = MenuViewController.swift; sourceTree = "<group>"; };
		7973E5EF2A8D04A700233D18 /* WLAN.swift */ = {isa = PBXFileReference; lastKnownFileType = sourcecode.swift; path = WLAN.swift; sourceTree = "<group>"; };
		7984DB152A242F43004D2EA4 /* WLC Controller.app */ = {isa = PBXFileReference; explicitFileType = wrapper.application; includeInIndex = 0; path = "WLC Controller.app"; sourceTree = BUILT_PRODUCTS_DIR; };
		7984DB182A242F43004D2EA4 /* AppDelegate.swift */ = {isa = PBXFileReference; lastKnownFileType = sourcecode.swift; path = AppDelegate.swift; sourceTree = "<group>"; };
		7984DB1A2A242F43004D2EA4 /* SceneDelegate.swift */ = {isa = PBXFileReference; lastKnownFileType = sourcecode.swift; path = SceneDelegate.swift; sourceTree = "<group>"; };
		7984DB1C2A242F43004D2EA4 /* LoginViewController.swift */ = {isa = PBXFileReference; lastKnownFileType = sourcecode.swift; path = LoginViewController.swift; sourceTree = "<group>"; };
		7984DB1F2A242F43004D2EA4 /* Base */ = {isa = PBXFileReference; lastKnownFileType = file.storyboard; name = Base; path = Base.lproj/Main.storyboard; sourceTree = "<group>"; };
		7984DB212A242F44004D2EA4 /* Assets.xcassets */ = {isa = PBXFileReference; lastKnownFileType = folder.assetcatalog; path = Assets.xcassets; sourceTree = "<group>"; };
		7984DB242A242F44004D2EA4 /* Base */ = {isa = PBXFileReference; lastKnownFileType = file.storyboard; name = Base; path = Base.lproj/LaunchScreen.storyboard; sourceTree = "<group>"; };
		7984DB262A242F44004D2EA4 /* Info.plist */ = {isa = PBXFileReference; lastKnownFileType = text.plist.xml; path = Info.plist; sourceTree = "<group>"; };
/* End PBXFileReference section */

/* Begin PBXFrameworksBuildPhase section */
		7984DB122A242F43004D2EA4 /* Frameworks */ = {
			isa = PBXFrameworksBuildPhase;
			buildActionMask = 2147483647;
			files = (
			);
			runOnlyForDeploymentPostprocessing = 0;
		};
/* End PBXFrameworksBuildPhase section */

/* Begin PBXGroup section */
		793A5D8A2A95FCA4008AFD25 /* ListViewControllers */ = {
			isa = PBXGroup;
			children = (
				7973E5E02A8C9A7C00233D18 /* WLANListViewController.swift */,
				793A5D8E2A9617CB008AFD25 /* WLANListViewController+DataSource.swift */,
				7973E5E22A8CABDF00233D18 /* APListViewController.swift */,
				793A5D942A9644C4008AFD25 /* APListViewController+DataSource.swift */,
				7973E5EA2A8CAC1E00233D18 /* ClientListViewController.swift */,
				793A5D962A9649ED008AFD25 /* ClientListViewController+DataSource.swift */,
			);
			path = ListViewControllers;
			sourceTree = "<group>";
		};
		793A5D8B2A95FCC5008AFD25 /* DetailViewControllers */ = {
			isa = PBXGroup;
			children = (
				7973E5E62A8CAC0300233D18 /* WLANViewController.swift */,
				793A5D8C2A95FD4A008AFD25 /* WLANViewController+Row.swift */,
				7973E5E42A8CABF600233D18 /* APViewController.swift */,
				793A5D922A9643A9008AFD25 /* APViewController+Row.swift */,
				7973E5E82A8CAC1000233D18 /* ClientViewController.swift */,
				793A5D9A2A964CFA008AFD25 /* ClientViewController+Row.swift */,
			);
			path = DetailViewControllers;
			sourceTree = "<group>";
		};
		7973E5EE2A8D029600233D18 /* Models */ = {
			isa = PBXGroup;
			children = (
				7973E5EF2A8D04A700233D18 /* WLAN.swift */,
				793A5D902A964177008AFD25 /* AP.swift */,
				793A5D982A964A12008AFD25 /* CLIENT.swift */,
			);
			path = Models;
			sourceTree = "<group>";
		};
		7984DB0C2A242F43004D2EA4 = {
			isa = PBXGroup;
			children = (
				7984DB172A242F43004D2EA4 /* WLC Controller */,
				7984DB162A242F43004D2EA4 /* Products */,
			);
			sourceTree = "<group>";
		};
		7984DB162A242F43004D2EA4 /* Products */ = {
			isa = PBXGroup;
			children = (
				7984DB152A242F43004D2EA4 /* WLC Controller.app */,
			);
			name = Products;
			sourceTree = "<group>";
		};
		7984DB172A242F43004D2EA4 /* WLC Controller */ = {
			isa = PBXGroup;
			children = (
				7984DB182A242F43004D2EA4 /* AppDelegate.swift */,
				7984DB1A2A242F43004D2EA4 /* SceneDelegate.swift */,
				7973E5EE2A8D029600233D18 /* Models */,
				7984DB1C2A242F43004D2EA4 /* LoginViewController.swift */,
				7973E5EC2A8CE24000233D18 /* MenuViewController.swift */,
				793A5D8A2A95FCA4008AFD25 /* ListViewControllers */,
				793A5D8B2A95FCC5008AFD25 /* DetailViewControllers */,
				7984DB1E2A242F43004D2EA4 /* Main.storyboard */,
				7984DB212A242F44004D2EA4 /* Assets.xcassets */,
				7984DB232A242F44004D2EA4 /* LaunchScreen.storyboard */,
				7984DB262A242F44004D2EA4 /* Info.plist */,
			);
			path = "WLC Controller";
			sourceTree = "<group>";
		};
/* End PBXGroup section */

/* Begin PBXNativeTarget section */
		7984DB142A242F43004D2EA4 /* WLC Controller */ = {
			isa = PBXNativeTarget;
			buildConfigurationList = 7984DB292A242F44004D2EA4 /* Build configuration list for PBXNativeTarget "WLC Controller" */;
			buildPhases = (
				7984DB112A242F43004D2EA4 /* Sources */,
				7984DB122A242F43004D2EA4 /* Frameworks */,
				7984DB132A242F43004D2EA4 /* Resources */,
			);
			buildRules = (
			);
			dependencies = (
			);
			name = "WLC Controller";
			productName = "WLC Controller";
			productReference = 7984DB152A242F43004D2EA4 /* WLC Controller.app */;
			productType = "com.apple.product-type.application";
		};
/* End PBXNativeTarget section */

/* Begin PBXProject section */
		7984DB0D2A242F43004D2EA4 /* Project object */ = {
			isa = PBXProject;
			attributes = {
				BuildIndependentTargetsInParallel = 1;
				LastSwiftUpdateCheck = 1340;
				LastUpgradeCheck = 1340;
				TargetAttributes = {
					7984DB142A242F43004D2EA4 = {
						CreatedOnToolsVersion = 13.4.1;
					};
				};
			};
			buildConfigurationList = 7984DB102A242F43004D2EA4 /* Build configuration list for PBXProject "WLC Controller" */;
			compatibilityVersion = "Xcode 13.0";
			developmentRegion = en;
			hasScannedForEncodings = 0;
			knownRegions = (
				en,
				Base,
			);
			mainGroup = 7984DB0C2A242F43004D2EA4;
			productRefGroup = 7984DB162A242F43004D2EA4 /* Products */;
			projectDirPath = "";
			projectRoot = "";
			targets = (
				7984DB142A242F43004D2EA4 /* WLC Controller */,
			);
		};
/* End PBXProject section */

/* Begin PBXResourcesBuildPhase section */
		7984DB132A242F43004D2EA4 /* Resources */ = {
			isa = PBXResourcesBuildPhase;
			buildActionMask = 2147483647;
			files = (
				7984DB252A242F44004D2EA4 /* LaunchScreen.storyboard in Resources */,
				7984DB222A242F44004D2EA4 /* Assets.xcassets in Resources */,
				7984DB202A242F43004D2EA4 /* Main.storyboard in Resources */,
			);
			runOnlyForDeploymentPostprocessing = 0;
		};
/* End PBXResourcesBuildPhase section */

/* Begin PBXSourcesBuildPhase section */
		7984DB112A242F43004D2EA4 /* Sources */ = {
			isa = PBXSourcesBuildPhase;
			buildActionMask = 2147483647;
			files = (
				793A5D992A964A12008AFD25 /* CLIENT.swift in Sources */,
				793A5D8F2A9617CB008AFD25 /* WLANListViewController+DataSource.swift in Sources */,
				7973E5E92A8CAC1000233D18 /* ClientViewController.swift in Sources */,
				793A5D952A9644C5008AFD25 /* APListViewController+DataSource.swift in Sources */,
				793A5D9B2A964CFA008AFD25 /* ClientViewController+Row.swift in Sources */,
				7973E5ED2A8CE24000233D18 /* MenuViewController.swift in Sources */,
				7973E5E12A8C9A7C00233D18 /* WLANListViewController.swift in Sources */,
				793A5D912A964177008AFD25 /* AP.swift in Sources */,
				7973E5F02A8D04A700233D18 /* WLAN.swift in Sources */,
				793A5D932A9643A9008AFD25 /* APViewController+Row.swift in Sources */,
				7984DB1D2A242F43004D2EA4 /* LoginViewController.swift in Sources */,
				7984DB192A242F43004D2EA4 /* AppDelegate.swift in Sources */,
				7984DB1B2A242F43004D2EA4 /* SceneDelegate.swift in Sources */,
				7973E5E52A8CABF600233D18 /* APViewController.swift in Sources */,
				7973E5EB2A8CAC1E00233D18 /* ClientListViewController.swift in Sources */,
				7973E5E72A8CAC0300233D18 /* WLANViewController.swift in Sources */,
				793A5D972A9649ED008AFD25 /* ClientListViewController+DataSource.swift in Sources */,
				7973E5E32A8CABDF00233D18 /* APListViewController.swift in Sources */,
				793A5D8D2A95FD4A008AFD25 /* WLANViewController+Row.swift in Sources */,
			);
			runOnlyForDeploymentPostprocessing = 0;
		};
/* End PBXSourcesBuildPhase section */

/* Begin PBXVariantGroup section */
		7984DB1E2A242F43004D2EA4 /* Main.storyboard */ = {
			isa = PBXVariantGroup;
			children = (
				7984DB1F2A242F43004D2EA4 /* Base */,
			);
			name = Main.storyboard;
			sourceTree = "<group>";
		};
		7984DB232A242F44004D2EA4 /* LaunchScreen.storyboard */ = {
			isa = PBXVariantGroup;
			children = (
				7984DB242A242F44004D2EA4 /* Base */,
			);
			name = LaunchScreen.storyboard;
			sourceTree = "<group>";
		};
/* End PBXVariantGroup section */

/* Begin XCBuildConfiguration section */
		7984DB272A242F44004D2EA4 /* Debug */ = {
			isa = XCBuildConfiguration;
			buildSettings = {
				ALWAYS_SEARCH_USER_PATHS = NO;
				CLANG_ANALYZER_NONNULL = YES;
				CLANG_ANALYZER_NUMBER_OBJECT_CONVERSION = YES_AGGRESSIVE;
				CLANG_CXX_LANGUAGE_STANDARD = "gnu++17";
				CLANG_ENABLE_MODULES = YES;
				CLANG_ENABLE_OBJC_ARC = YES;
				CLANG_ENABLE_OBJC_WEAK = YES;
				CLANG_WARN_BLOCK_CAPTURE_AUTORELEASING = YES;
				CLANG_WARN_BOOL_CONVERSION = YES;
				CLANG_WARN_COMMA = YES;
				CLANG_WARN_CONSTANT_CONVERSION = YES;
				CLANG_WARN_DEPRECATED_OBJC_IMPLEMENTATIONS = YES;
				CLANG_WARN_DIRECT_OBJC_ISA_USAGE = YES_ERROR;
				CLANG_WARN_DOCUMENTATION_COMMENTS = YES;
				CLANG_WARN_EMPTY_BODY = YES;
				CLANG_WARN_ENUM_CONVERSION = YES;
				CLANG_WARN_INFINITE_RECURSION = YES;
				CLANG_WARN_INT_CONVERSION = YES;
				CLANG_WARN_NON_LITERAL_NULL_CONVERSION = YES;
				CLANG_WARN_OBJC_IMPLICIT_RETAIN_SELF = YES;
				CLANG_WARN_OBJC_LITERAL_CONVERSION = YES;
				CLANG_WARN_OBJC_ROOT_CLASS = YES_ERROR;
				CLANG_WARN_QUOTED_INCLUDE_IN_FRAMEWORK_HEADER = YES;
				CLANG_WARN_RANGE_LOOP_ANALYSIS = YES;
				CLANG_WARN_STRICT_PROTOTYPES = YES;
				CLANG_WARN_SUSPICIOUS_MOVE = YES;
				CLANG_WARN_UNGUARDED_AVAILABILITY = YES_AGGRESSIVE;
				CLANG_WARN_UNREACHABLE_CODE = YES;
				CLANG_WARN__DUPLICATE_METHOD_MATCH = YES;
				COPY_PHASE_STRIP = NO;
				DEBUG_INFORMATION_FORMAT = dwarf;
				ENABLE_STRICT_OBJC_MSGSEND = YES;
				ENABLE_TESTABILITY = YES;
				GCC_C_LANGUAGE_STANDARD = gnu11;
				GCC_DYNAMIC_NO_PIC = NO;
				GCC_NO_COMMON_BLOCKS = YES;
				GCC_OPTIMIZATION_LEVEL = 0;
				GCC_PREPROCESSOR_DEFINITIONS = (
					"DEBUG=1",
					"$(inherited)",
				);
				GCC_WARN_64_TO_32_BIT_CONVERSION = YES;
				GCC_WARN_ABOUT_RETURN_TYPE = YES_ERROR;
				GCC_WARN_UNDECLARED_SELECTOR = YES;
				GCC_WARN_UNINITIALIZED_AUTOS = YES_AGGRESSIVE;
				GCC_WARN_UNUSED_FUNCTION = YES;
				GCC_WARN_UNUSED_VARIABLE = YES;
				IPHONEOS_DEPLOYMENT_TARGET = 15.5;
				MTL_ENABLE_DEBUG_INFO = INCLUDE_SOURCE;
				MTL_FAST_MATH = YES;
				ONLY_ACTIVE_ARCH = YES;
				SDKROOT = iphoneos;
				SWIFT_ACTIVE_COMPILATION_CONDITIONS = DEBUG;
				SWIFT_OPTIMIZATION_LEVEL = "-Onone";
			};
			name = Debug;
		};
		7984DB282A242F44004D2EA4 /* Release */ = {
			isa = XCBuildConfiguration;
			buildSettings = {
				ALWAYS_SEARCH_USER_PATHS = NO;
				CLANG_ANALYZER_NONNULL = YES;
				CLANG_ANALYZER_NUMBER_OBJECT_CONVERSION = YES_AGGRESSIVE;
				CLANG_CXX_LANGUAGE_STANDARD = "gnu++17";
				CLANG_ENABLE_MODULES = YES;
				CLANG_ENABLE_OBJC_ARC = YES;
				CLANG_ENABLE_OBJC_WEAK = YES;
				CLANG_WARN_BLOCK_CAPTURE_AUTORELEASING = YES;
				CLANG_WARN_BOOL_CONVERSION = YES;
				CLANG_WARN_COMMA = YES;
				CLANG_WARN_CONSTANT_CONVERSION = YES;
				CLANG_WARN_DEPRECATED_OBJC_IMPLEMENTATIONS = YES;
				CLANG_WARN_DIRECT_OBJC_ISA_USAGE = YES_ERROR;
				CLANG_WARN_DOCUMENTATION_COMMENTS = YES;
				CLANG_WARN_EMPTY_BODY = YES;
				CLANG_WARN_ENUM_CONVERSION = YES;
				CLANG_WARN_INFINITE_RECURSION = YES;
				CLANG_WARN_INT_CONVERSION = YES;
				CLANG_WARN_NON_LITERAL_NULL_CONVERSION = YES;
				CLANG_WARN_OBJC_IMPLICIT_RETAIN_SELF = YES;
				CLANG_WARN_OBJC_LITERAL_CONVERSION = YES;
				CLANG_WARN_OBJC_ROOT_CLASS = YES_ERROR;
				CLANG_WARN_QUOTED_INCLUDE_IN_FRAMEWORK_HEADER = YES;
				CLANG_WARN_RANGE_LOOP_ANALYSIS = YES;
				CLANG_WARN_STRICT_PROTOTYPES = YES;
				CLANG_WARN_SUSPICIOUS_MOVE = YES;
				CLANG_WARN_UNGUARDED_AVAILABILITY = YES_AGGRESSIVE;
				CLANG_WARN_UNREACHABLE_CODE = YES;
				CLANG_WARN__DUPLICATE_METHOD_MATCH = YES;
				COPY_PHASE_STRIP = NO;
				DEBUG_INFORMATION_FORMAT = "dwarf-with-dsym";
				ENABLE_NS_ASSERTIONS = NO;
				ENABLE_STRICT_OBJC_MSGSEND = YES;
				GCC_C_LANGUAGE_STANDARD = gnu11;
				GCC_NO_COMMON_BLOCKS = YES;
				GCC_WARN_64_TO_32_BIT_CONVERSION = YES;
				GCC_WARN_ABOUT_RETURN_TYPE = YES_ERROR;
				GCC_WARN_UNDECLARED_SELECTOR = YES;
				GCC_WARN_UNINITIALIZED_AUTOS = YES_AGGRESSIVE;
				GCC_WARN_UNUSED_FUNCTION = YES;
				GCC_WARN_UNUSED_VARIABLE = YES;
				IPHONEOS_DEPLOYMENT_TARGET = 15.5;
				MTL_ENABLE_DEBUG_INFO = NO;
				MTL_FAST_MATH = YES;
				SDKROOT = iphoneos;
				SWIFT_COMPILATION_MODE = wholemodule;
				SWIFT_OPTIMIZATION_LEVEL = "-O";
				VALIDATE_PRODUCT = YES;
			};
			name = Release;
		};
		7984DB2A2A242F44004D2EA4 /* Debug */ = {
			isa = XCBuildConfiguration;
			buildSettings = {
				ASSETCATALOG_COMPILER_APPICON_NAME = AppIcon;
				ASSETCATALOG_COMPILER_GLOBAL_ACCENT_COLOR_NAME = AccentColor;
				CODE_SIGN_STYLE = Automatic;
				CURRENT_PROJECT_VERSION = 1;
				DEVELOPMENT_TEAM = 6YWPLZ942Z;
				GENERATE_INFOPLIST_FILE = YES;
				INFOPLIST_FILE = "WLC Controller/Info.plist";
				INFOPLIST_KEY_UIApplicationSupportsIndirectInputEvents = YES;
				INFOPLIST_KEY_UILaunchStoryboardName = LaunchScreen;
				INFOPLIST_KEY_UIMainStoryboardFile = Main;
				INFOPLIST_KEY_UISupportedInterfaceOrientations_iPad = "UIInterfaceOrientationPortrait UIInterfaceOrientationPortraitUpsideDown UIInterfaceOrientationLandscapeLeft UIInterfaceOrientationLandscapeRight";
				INFOPLIST_KEY_UISupportedInterfaceOrientations_iPhone = "UIInterfaceOrientationPortrait UIInterfaceOrientationLandscapeLeft UIInterfaceOrientationLandscapeRight";
				LD_RUNPATH_SEARCH_PATHS = (
					"$(inherited)",
					"@executable_path/Frameworks",
				);
				MARKETING_VERSION = 1.0;
				PRODUCT_BUNDLE_IDENTIFIER = "jpita.WLC-Controller";
				PRODUCT_NAME = "$(TARGET_NAME)";
				SWIFT_EMIT_LOC_STRINGS = YES;
				SWIFT_VERSION = 5.0;
				TARGETED_DEVICE_FAMILY = "1,2";
			};
			name = Debug;
		};
		7984DB2B2A242F44004D2EA4 /* Release */ = {
			isa = XCBuildConfiguration;
			buildSettings = {
				ASSETCATALOG_COMPILER_APPICON_NAME = AppIcon;
				ASSETCATALOG_COMPILER_GLOBAL_ACCENT_COLOR_NAME = AccentColor;
				CODE_SIGN_STYLE = Automatic;
				CURRENT_PROJECT_VERSION = 1;
				DEVELOPMENT_TEAM = 6YWPLZ942Z;
				GENERATE_INFOPLIST_FILE = YES;
				INFOPLIST_FILE = "WLC Controller/Info.plist";
				INFOPLIST_KEY_UIApplicationSupportsIndirectInputEvents = YES;
				INFOPLIST_KEY_UILaunchStoryboardName = LaunchScreen;
				INFOPLIST_KEY_UIMainStoryboardFile = Main;
				INFOPLIST_KEY_UISupportedInterfaceOrientations_iPad = "UIInterfaceOrientationPortrait UIInterfaceOrientationPortraitUpsideDown UIInterfaceOrientationLandscapeLeft UIInterfaceOrientationLandscapeRight";
				INFOPLIST_KEY_UISupportedInterfaceOrientations_iPhone = "UIInterfaceOrientationPortrait UIInterfaceOrientationLandscapeLeft UIInterfaceOrientationLandscapeRight";
				LD_RUNPATH_SEARCH_PATHS = (
					"$(inherited)",
					"@executable_path/Frameworks",
				);
				MARKETING_VERSION = 1.0;
				PRODUCT_BUNDLE_IDENTIFIER = "jpita.WLC-Controller";
				PRODUCT_NAME = "$(TARGET_NAME)";
				SWIFT_EMIT_LOC_STRINGS = YES;
				SWIFT_VERSION = 5.0;
				TARGETED_DEVICE_FAMILY = "1,2";
			};
			name = Release;
		};
/* End XCBuildConfiguration section */

/* Begin XCConfigurationList section */
		7984DB102A242F43004D2EA4 /* Build configuration list for PBXProject "WLC Controller" */ = {
			isa = XCConfigurationList;
			buildConfigurations = (
				7984DB272A242F44004D2EA4 /* Debug */,
				7984DB282A242F44004D2EA4 /* Release */,
			);
			defaultConfigurationIsVisible = 0;
			defaultConfigurationName = Release;
		};
		7984DB292A242F44004D2EA4 /* Build configuration list for PBXNativeTarget "WLC Controller" */ = {
			isa = XCConfigurationList;
			buildConfigurations = (
				7984DB2A2A242F44004D2EA4 /* Debug */,
				7984DB2B2A242F44004D2EA4 /* Release */,
			);
			defaultConfigurationIsVisible = 0;
			defaultConfigurationName = Release;
		};
/* End XCConfigurationList section */
	};
	rootObject = 7984DB0D2A242F43004D2EA4 /* Project object */;
}
